# THIS IS AN AUTOGENERATED FILE. DO NOT EDIT THIS FILE DIRECTLY.
# yarn lockfile v1


"@babel/parser@^7.24.4":
  version "7.24.4"
  resolved "https://registry.yarnpkg.com/@babel/parser/-/parser-7.24.4.tgz#234487a110d89ad5a3ed4a8a566c36b9453e8c88"
  integrity sha512-zTvEBcghmeBma9QIGunWevvBAp4/Qu9Bdq+2k0Ot4fVMD6v3dsC9WOcRSKk7tRRyBM/53yKMJko9xOatGQAwSg==

"@babel/parser@^7.24.7":
  version "7.24.7"
  resolved "https://registry.yarnpkg.com/@babel/parser/-/parser-7.24.7.tgz#9a5226f92f0c5c8ead550b750f5608e766c8ce85"
  integrity sha512-9uUYRm6OqQrCqQdG1iCBwBPZgN8ciDBro2nIOFaiRz1/BCxaI7CNvQbDHvsArAC7Tw9Hda/B3U+6ui9u4HWXPw==

"@emmetio/abbreviation@^2.3.3":
  version "2.3.3"
  resolved "https://registry.yarnpkg.com/@emmetio/abbreviation/-/abbreviation-2.3.3.tgz#ed2b88fe37b972292d6026c7c540aaf887cecb6e"
  integrity sha512-mgv58UrU3rh4YgbE/TzgLQwJ3pFsHHhCLqY20aJq+9comytTXUDNGG/SMtSeMJdkpxgXSXunBGLD8Boka3JyVA==
  dependencies:
    "@emmetio/scanner" "^1.0.4"

"@emmetio/css-abbreviation@^2.1.8":
  version "2.1.8"
  resolved "https://registry.yarnpkg.com/@emmetio/css-abbreviation/-/css-abbreviation-2.1.8.tgz#b785313486eba6cb7eb623ad39378c4e1063dc00"
  integrity sha512-s9yjhJ6saOO/uk1V74eifykk2CBYi01STTK3WlXWGOepyKa23ymJ053+DNQjpFcy1ingpaO7AxCcwLvHFY9tuw==
  dependencies:
    "@emmetio/scanner" "^1.0.4"

"@emmetio/css-parser@^0.4.0":
  version "0.4.0"
  resolved "https://registry.yarnpkg.com/@emmetio/css-parser/-/css-parser-0.4.0.tgz#96135093480c79703df0e4f178f7f8f2b669fbc2"
  integrity sha512-z7wkxRSZgrQHXVzObGkXG+Vmj3uRlpM11oCZ9pbaz0nFejvCDmAiNDpY75+wgXOcffKpj4rzGtwGaZxfJKsJxw==
  dependencies:
    "@emmetio/stream-reader" "^2.2.0"
    "@emmetio/stream-reader-utils" "^0.1.0"

"@emmetio/html-matcher@^1.3.0":
  version "1.3.0"
  resolved "https://registry.yarnpkg.com/@emmetio/html-matcher/-/html-matcher-1.3.0.tgz#43b7a71b91cdc511cb699cbe9c67bb5d4cab6754"
  integrity sha512-NTbsvppE5eVyBMuyGfVu2CRrLvo7J4YHb6t9sBFLyY03WYhXET37qA4zOYUjBWFCRHO7pS1B9khERtY0f5JXPQ==
  dependencies:
    "@emmetio/scanner" "^1.0.0"

"@emmetio/scanner@^1.0.0", "@emmetio/scanner@^1.0.4":
  version "1.0.4"
  resolved "https://registry.yarnpkg.com/@emmetio/scanner/-/scanner-1.0.4.tgz#e9cdc67194fd91f8b7eb141014be4f2d086c15f1"
  integrity sha512-IqRuJtQff7YHHBk4G8YZ45uB9BaAGcwQeVzgj/zj8/UdOhtQpEIupUhSk8dys6spFIWVZVeK20CzGEnqR5SbqA==

"@emmetio/stream-reader-utils@^0.1.0":
  version "0.1.0"
  resolved "https://registry.yarnpkg.com/@emmetio/stream-reader-utils/-/stream-reader-utils-0.1.0.tgz#244cb02c77ec2e74f78a9bd318218abc9c500a61"
  integrity sha512-ZsZ2I9Vzso3Ho/pjZFsmmZ++FWeEd/txqybHTm4OgaZzdS8V9V/YYWQwg5TC38Z7uLWUV1vavpLLbjJtKubR1A==

"@emmetio/stream-reader@^2.2.0":
  version "2.2.0"
  resolved "https://registry.yarnpkg.com/@emmetio/stream-reader/-/stream-reader-2.2.0.tgz#46cffea119a0a003312a21c2d9b5628cb5fcd442"
  integrity sha512-fXVXEyFA5Yv3M3n8sUGT7+fvecGrZP4k6FnWWMSZVQf69kAq0LLpaBQLGcPR30m3zMmKYhECP4k/ZkzvhEW5kw==

"@esbuild/android-arm64@0.18.20":
  version "0.18.20"
  resolved "https://registry.yarnpkg.com/@esbuild/android-arm64/-/android-arm64-0.18.20.tgz#984b4f9c8d0377443cc2dfcef266d02244593622"
  integrity sha512-Nz4rJcchGDtENV0eMKUNa6L12zz2zBDXuhj/Vjh18zGqB44Bi7MBMSXjgunJgjRhCmKOjnPuZp4Mb6OKqtMHLQ==

"@esbuild/android-arm@0.18.20":
  version "0.18.20"
  resolved "https://registry.yarnpkg.com/@esbuild/android-arm/-/android-arm-0.18.20.tgz#fedb265bc3a589c84cc11f810804f234947c3682"
  integrity sha512-fyi7TDI/ijKKNZTUJAQqiG5T7YjJXgnzkURqmGj13C6dCqckZBLdl4h7bkhHt/t0WP+zO9/zwroDvANaOqO5Sw==

"@esbuild/android-x64@0.18.20":
  version "0.18.20"
  resolved "https://registry.yarnpkg.com/@esbuild/android-x64/-/android-x64-0.18.20.tgz#35cf419c4cfc8babe8893d296cd990e9e9f756f2"
  integrity sha512-8GDdlePJA8D6zlZYJV/jnrRAi6rOiNaCC/JclcXpB+KIuvfBN4owLtgzY2bsxnx666XjJx2kDPUmnTtR8qKQUg==

"@esbuild/darwin-arm64@0.18.20":
  version "0.18.20"
  resolved "https://registry.yarnpkg.com/@esbuild/darwin-arm64/-/darwin-arm64-0.18.20.tgz#08172cbeccf95fbc383399a7f39cfbddaeb0d7c1"
  integrity sha512-bxRHW5kHU38zS2lPTPOyuyTm+S+eobPUnTNkdJEfAddYgEcll4xkT8DB9d2008DtTbl7uJag2HuE5NZAZgnNEA==

"@esbuild/darwin-x64@0.18.20":
  version "0.18.20"
  resolved "https://registry.yarnpkg.com/@esbuild/darwin-x64/-/darwin-x64-0.18.20.tgz#d70d5790d8bf475556b67d0f8b7c5bdff053d85d"
  integrity sha512-pc5gxlMDxzm513qPGbCbDukOdsGtKhfxD1zJKXjCCcU7ju50O7MeAZ8c4krSJcOIJGFR+qx21yMMVYwiQvyTyQ==

"@esbuild/freebsd-arm64@0.18.20":
  version "0.18.20"
  resolved "https://registry.yarnpkg.com/@esbuild/freebsd-arm64/-/freebsd-arm64-0.18.20.tgz#98755cd12707f93f210e2494d6a4b51b96977f54"
  integrity sha512-yqDQHy4QHevpMAaxhhIwYPMv1NECwOvIpGCZkECn8w2WFHXjEwrBn3CeNIYsibZ/iZEUemj++M26W3cNR5h+Tw==

"@esbuild/freebsd-x64@0.18.20":
  version "0.18.20"
  resolved "https://registry.yarnpkg.com/@esbuild/freebsd-x64/-/freebsd-x64-0.18.20.tgz#c1eb2bff03915f87c29cece4c1a7fa1f423b066e"
  integrity sha512-tgWRPPuQsd3RmBZwarGVHZQvtzfEBOreNuxEMKFcd5DaDn2PbBxfwLcj4+aenoh7ctXcbXmOQIn8HI6mCSw5MQ==

"@esbuild/linux-arm64@0.18.20":
  version "0.18.20"
  resolved "https://registry.yarnpkg.com/@esbuild/linux-arm64/-/linux-arm64-0.18.20.tgz#bad4238bd8f4fc25b5a021280c770ab5fc3a02a0"
  integrity sha512-2YbscF+UL7SQAVIpnWvYwM+3LskyDmPhe31pE7/aoTMFKKzIc9lLbyGUpmmb8a8AixOL61sQ/mFh3jEjHYFvdA==

"@esbuild/linux-arm@0.18.20":
  version "0.18.20"
  resolved "https://registry.yarnpkg.com/@esbuild/linux-arm/-/linux-arm-0.18.20.tgz#3e617c61f33508a27150ee417543c8ab5acc73b0"
  integrity sha512-/5bHkMWnq1EgKr1V+Ybz3s1hWXok7mDFUMQ4cG10AfW3wL02PSZi5kFpYKrptDsgb2WAJIvRcDm+qIvXf/apvg==

"@esbuild/linux-ia32@0.18.20":
  version "0.18.20"
  resolved "https://registry.yarnpkg.com/@esbuild/linux-ia32/-/linux-ia32-0.18.20.tgz#699391cccba9aee6019b7f9892eb99219f1570a7"
  integrity sha512-P4etWwq6IsReT0E1KHU40bOnzMHoH73aXp96Fs8TIT6z9Hu8G6+0SHSw9i2isWrD2nbx2qo5yUqACgdfVGx7TA==

"@esbuild/linux-loong64@0.18.20":
  version "0.18.20"
  resolved "https://registry.yarnpkg.com/@esbuild/linux-loong64/-/linux-loong64-0.18.20.tgz#e6fccb7aac178dd2ffb9860465ac89d7f23b977d"
  integrity sha512-nXW8nqBTrOpDLPgPY9uV+/1DjxoQ7DoB2N8eocyq8I9XuqJ7BiAMDMf9n1xZM9TgW0J8zrquIb/A7s3BJv7rjg==

"@esbuild/linux-mips64el@0.18.20":
  version "0.18.20"
  resolved "https://registry.yarnpkg.com/@esbuild/linux-mips64el/-/linux-mips64el-0.18.20.tgz#eeff3a937de9c2310de30622a957ad1bd9183231"
  integrity sha512-d5NeaXZcHp8PzYy5VnXV3VSd2D328Zb+9dEq5HE6bw6+N86JVPExrA6O68OPwobntbNJ0pzCpUFZTo3w0GyetQ==

"@esbuild/linux-ppc64@0.18.20":
  version "0.18.20"
  resolved "https://registry.yarnpkg.com/@esbuild/linux-ppc64/-/linux-ppc64-0.18.20.tgz#2f7156bde20b01527993e6881435ad79ba9599fb"
  integrity sha512-WHPyeScRNcmANnLQkq6AfyXRFr5D6N2sKgkFo2FqguP44Nw2eyDlbTdZwd9GYk98DZG9QItIiTlFLHJHjxP3FA==

"@esbuild/linux-riscv64@0.18.20":
  version "0.18.20"
  resolved "https://registry.yarnpkg.com/@esbuild/linux-riscv64/-/linux-riscv64-0.18.20.tgz#6628389f210123d8b4743045af8caa7d4ddfc7a6"
  integrity sha512-WSxo6h5ecI5XH34KC7w5veNnKkju3zBRLEQNY7mv5mtBmrP/MjNBCAlsM2u5hDBlS3NGcTQpoBvRzqBcRtpq1A==

"@esbuild/linux-s390x@0.18.20":
  version "0.18.20"
  resolved "https://registry.yarnpkg.com/@esbuild/linux-s390x/-/linux-s390x-0.18.20.tgz#255e81fb289b101026131858ab99fba63dcf0071"
  integrity sha512-+8231GMs3mAEth6Ja1iK0a1sQ3ohfcpzpRLH8uuc5/KVDFneH6jtAJLFGafpzpMRO6DzJ6AvXKze9LfFMrIHVQ==

"@esbuild/linux-x64@0.18.20":
  version "0.18.20"
  resolved "https://registry.yarnpkg.com/@esbuild/linux-x64/-/linux-x64-0.18.20.tgz#c7690b3417af318a9b6f96df3031a8865176d338"
  integrity sha512-UYqiqemphJcNsFEskc73jQ7B9jgwjWrSayxawS6UVFZGWrAAtkzjxSqnoclCXxWtfwLdzU+vTpcNYhpn43uP1w==

"@esbuild/netbsd-x64@0.18.20":
  version "0.18.20"
  resolved "https://registry.yarnpkg.com/@esbuild/netbsd-x64/-/netbsd-x64-0.18.20.tgz#30e8cd8a3dded63975e2df2438ca109601ebe0d1"
  integrity sha512-iO1c++VP6xUBUmltHZoMtCUdPlnPGdBom6IrO4gyKPFFVBKioIImVooR5I83nTew5UOYrk3gIJhbZh8X44y06A==

"@esbuild/openbsd-x64@0.18.20":
  version "0.18.20"
  resolved "https://registry.yarnpkg.com/@esbuild/openbsd-x64/-/openbsd-x64-0.18.20.tgz#7812af31b205055874c8082ea9cf9ab0da6217ae"
  integrity sha512-e5e4YSsuQfX4cxcygw/UCPIEP6wbIL+se3sxPdCiMbFLBWu0eiZOJ7WoD+ptCLrmjZBK1Wk7I6D/I3NglUGOxg==

"@esbuild/sunos-x64@0.18.20":
  version "0.18.20"
  resolved "https://registry.yarnpkg.com/@esbuild/sunos-x64/-/sunos-x64-0.18.20.tgz#d5c275c3b4e73c9b0ecd38d1ca62c020f887ab9d"
  integrity sha512-kDbFRFp0YpTQVVrqUd5FTYmWo45zGaXe0X8E1G/LKFC0v8x0vWrhOWSLITcCn63lmZIxfOMXtCfti/RxN/0wnQ==

"@esbuild/win32-arm64@0.18.20":
  version "0.18.20"
  resolved "https://registry.yarnpkg.com/@esbuild/win32-arm64/-/win32-arm64-0.18.20.tgz#73bc7f5a9f8a77805f357fab97f290d0e4820ac9"
  integrity sha512-ddYFR6ItYgoaq4v4JmQQaAI5s7npztfV4Ag6NrhiaW0RrnOXqBkgwZLofVTlq1daVTQNhtI5oieTvkRPfZrePg==

"@esbuild/win32-ia32@0.18.20":
  version "0.18.20"
  resolved "https://registry.yarnpkg.com/@esbuild/win32-ia32/-/win32-ia32-0.18.20.tgz#ec93cbf0ef1085cc12e71e0d661d20569ff42102"
  integrity sha512-Wv7QBi3ID/rROT08SABTS7eV4hX26sVduqDOTe1MvGMjNd3EjOz4b7zeexIR62GTIEKrfJXKL9LFxTYgkyeu7g==

"@esbuild/win32-x64@0.18.20":
  version "0.18.20"
  resolved "https://registry.yarnpkg.com/@esbuild/win32-x64/-/win32-x64-0.18.20.tgz#786c5f41f043b07afb1af37683d7c33668858f6d"
  integrity sha512-kTdfRcSiDfQca/y9QIkng02avJ+NCaQvrMejlsB3RRv5sE9rRoeBPISaZpKxHELzRxZyLvNts1P27W3wV+8geQ==

"@johnsoncodehk/pug-beautify@^0.2.2":
  version "0.2.2"
  resolved "https://registry.yarnpkg.com/@johnsoncodehk/pug-beautify/-/pug-beautify-0.2.2.tgz#6818e7cab0f2d2354492c13bad73881e9cb3ef54"
  integrity sha512-qqNS/YD0Nck5wtQLCPHAfGVgWbbGafxSPjNh0ekYPFSNNqnDH2kamnduzYly8IiADmeVx/MfAE1njMEjVeHTMA==

"@jridgewell/sourcemap-codec@^1.4.15":
  version "1.4.15"
  resolved "https://registry.yarnpkg.com/@jridgewell/sourcemap-codec/-/sourcemap-codec-1.4.15.tgz#d7c6e6755c78567a951e04ab52ef0fd26de59f32"
  integrity sha512-eF2rxCRulEKXHTRiDrDy6erMYWqNw4LPdQ8UQA4huuxaQsVeRPFl2oM8oDGxMFhJUWZf9McpLtJasDDZb/Bpeg==

"@vitejs/plugin-vue@^4.2.3":
  version "4.6.2"
  resolved "https://registry.yarnpkg.com/@vitejs/plugin-vue/-/plugin-vue-4.6.2.tgz#057d2ded94c4e71b94e9814f92dcd9306317aa46"
  integrity sha512-kqf7SGFoG+80aZG6Pf+gsZIVvGSCKE98JbiWqcCV9cThtg91Jav0yvYFC9Zb+jKetNGF6ZKeoaxgZfND21fWKw==

"@volar/language-core@2.4.0-alpha.2", "@volar/language-core@~2.4.0-alpha.2":
  version "2.4.0-alpha.2"
  resolved "https://registry.yarnpkg.com/@volar/language-core/-/language-core-2.4.0-alpha.2.tgz#cb7f88c827569ee2b667f184b0044ef30a6e6aac"
  integrity sha512-BmVAHEHO6n8g958n1/S6cR9uf76YGlrp/D6rYSTBtdLKrS4CVK9A2MjKf+gpbj+A8JCGVA/16N4atPZZmI7kVw==
  dependencies:
    "@volar/source-map" "2.4.0-alpha.2"

"@volar/language-server@~2.4.0-alpha.2":
  version "2.4.0-alpha.2"
  resolved "https://registry.yarnpkg.com/@volar/language-server/-/language-server-2.4.0-alpha.2.tgz#125fb4dc7aaa2f04b84521c6384268de6caaf4bf"
  integrity sha512-xLJqhpKSvfKCC5iZTJcThAOvgn2ImMkMx791XNgIJ2OVnjNeRHVobRUCHFLsTM1EHAd2/L3jmXSuh1d9Cl8AKQ==
  dependencies:
    "@volar/language-core" "2.4.0-alpha.2"
    "@volar/language-service" "2.4.0-alpha.2"
    "@volar/snapshot-document" "2.4.0-alpha.2"
    "@volar/typescript" "2.4.0-alpha.2"
    path-browserify "^1.0.1"
    request-light "^0.7.0"
    vscode-languageserver "^9.0.1"
    vscode-languageserver-protocol "^3.17.5"
    vscode-languageserver-textdocument "^1.0.11"
    vscode-uri "^3.0.8"

"@volar/language-service@2.4.0-alpha.2", "@volar/language-service@~2.4.0-alpha.1", "@volar/language-service@~2.4.0-alpha.2":
  version "2.4.0-alpha.2"
  resolved "https://registry.yarnpkg.com/@volar/language-service/-/language-service-2.4.0-alpha.2.tgz#ba9fbadc8519005e5d020d32721d2e2a4bd06dae"
  integrity sha512-fTWxYDI9uRcp3JDAGKntLIH8RdtEsxgBViSfNVNk8uxWmUj/64FqY6EFo9WznRgKAMcCTaC+5LcTOO7vhOLBQQ==
  dependencies:
    "@volar/language-core" "2.4.0-alpha.2"
    vscode-languageserver-protocol "^3.17.5"
    vscode-languageserver-textdocument "^1.0.11"
    vscode-uri "^3.0.8"

"@volar/snapshot-document@2.4.0-alpha.2":
  version "2.4.0-alpha.2"
  resolved "https://registry.yarnpkg.com/@volar/snapshot-document/-/snapshot-document-2.4.0-alpha.2.tgz#722eb870d421b3d8a513ee819a288cd159380a76"
  integrity sha512-Ul7GCOY8EWrlt2QIsRAQjchitVXph8j/deHFMZHWIRNsI5ne5oZqW7tC7LgmuLtozX+QkHcHaVXCjDA9iF5wSg==
  dependencies:
    vscode-languageserver-protocol "^3.17.5"
    vscode-languageserver-textdocument "^1.0.11"

"@volar/source-map@2.4.0-alpha.2":
  version "2.4.0-alpha.2"
  resolved "https://registry.yarnpkg.com/@volar/source-map/-/source-map-2.4.0-alpha.2.tgz#81e1b8db390ce7c6d37e6f075c1dd3f5a585bb3f"
  integrity sha512-hnCOUx/zuvpDeh0YNC2bnQDEzzIr+tYzphpwTvUV4o4wXCAmyjNYqBR8ElR1s9O9pQF3n9CqLlYRYOe7RQnTHg==

"@volar/typescript@2.4.0-alpha.2", "@volar/typescript@~2.4.0-alpha.2":
  version "2.4.0-alpha.2"
  resolved "https://registry.yarnpkg.com/@volar/typescript/-/typescript-2.4.0-alpha.2.tgz#87268239f5a0243c383357a6ddc9f5bbb3ad6e88"
  integrity sha512-CPqp+QLOQRlaEW9jXXq6grr6v/vZWpsC6yv7TuKEHMly9K0m2afn31VI19/rohPFBUXBB7YnmBFbZyH4FT4Pmg==
  dependencies:
    "@volar/language-core" "2.4.0-alpha.2"
    path-browserify "^1.0.1"
    vscode-uri "^3.0.8"

"@vscode/emmet-helper@^2.9.3":
  version "2.9.3"
  resolved "https://registry.yarnpkg.com/@vscode/emmet-helper/-/emmet-helper-2.9.3.tgz#8a8b228981fcf2d9346fdca77b9ad5a31dc09dba"
  integrity sha512-rB39LHWWPQYYlYfpv9qCoZOVioPCftKXXqrsyqN1mTWZM6dTnONT63Db+03vgrBbHzJN45IrgS/AGxw9iiqfEw==
  dependencies:
    emmet "^2.4.3"
    jsonc-parser "^2.3.0"
    vscode-languageserver-textdocument "^1.0.1"
    vscode-languageserver-types "^3.15.1"
    vscode-uri "^2.1.2"

"@vscode/l10n@^0.0.18":
  version "0.0.18"
  resolved "https://registry.yarnpkg.com/@vscode/l10n/-/l10n-0.0.18.tgz#916d3a5e960dbab47c1c56f58a7cb5087b135c95"
  integrity sha512-KYSIHVmslkaCDyw013pphY+d7x1qV8IZupYfeIfzNA+nsaWHbn5uPuQRvdRFsa9zFzGeudPuoGoZ1Op4jrJXIQ==

"@vue/compiler-core@3.4.26":
  version "3.4.26"
  resolved "https://registry.yarnpkg.com/@vue/compiler-core/-/compiler-core-3.4.26.tgz#d507886520e83a6f8339ed55ed0b2b5d84b44b73"
  integrity sha512-N9Vil6Hvw7NaiyFUFBPXrAyETIGlQ8KcFMkyk6hW1Cl6NvoqvP+Y8p1Eqvx+UdqsnrnI9+HMUEJegzia3mhXmQ==
  dependencies:
    "@babel/parser" "^7.24.4"
    "@vue/shared" "3.4.26"
    entities "^4.5.0"
    estree-walker "^2.0.2"
    source-map-js "^1.2.0"

"@vue/compiler-core@3.4.31":
  version "3.4.31"
  resolved "https://registry.yarnpkg.com/@vue/compiler-core/-/compiler-core-3.4.31.tgz#b51a76f1b30e9b5eba0553264dff0f171aedb7c6"
  integrity sha512-skOiodXWTV3DxfDhB4rOf3OGalpITLlgCeOwb+Y9GJpfQ8ErigdBUHomBzvG78JoVE8MJoQsb+qhZiHfKeNeEg==
  dependencies:
    "@babel/parser" "^7.24.7"
    "@vue/shared" "3.4.31"
    entities "^4.5.0"
    estree-walker "^2.0.2"
    source-map-js "^1.2.0"

"@vue/compiler-dom@3.4.26":
  version "3.4.26"
  resolved "https://registry.yarnpkg.com/@vue/compiler-dom/-/compiler-dom-3.4.26.tgz#acc7b788b48152d087d4bb9e655b795e3dbec554"
  integrity sha512-4CWbR5vR9fMg23YqFOhr6t6WB1Fjt62d6xdFPyj8pxrYub7d+OgZaObMsoxaF9yBUHPMiPFK303v61PwAuGvZA==
  dependencies:
    "@vue/compiler-core" "3.4.26"
    "@vue/shared" "3.4.26"

"@vue/compiler-dom@^3.4.0":
  version "3.4.31"
  resolved "https://registry.yarnpkg.com/@vue/compiler-dom/-/compiler-dom-3.4.31.tgz#30961ca847f5d6ad18ffa26236c219f61b195f6b"
  integrity sha512-wK424WMXsG1IGMyDGyLqB+TbmEBFM78hIsOJ9QwUVLGrcSk0ak6zYty7Pj8ftm7nEtdU/DGQxAXp0/lM/2cEpQ==
  dependencies:
    "@vue/compiler-core" "3.4.31"
    "@vue/shared" "3.4.31"

"@vue/compiler-sfc@3.4.26":
  version "3.4.26"
  resolved "https://registry.yarnpkg.com/@vue/compiler-sfc/-/compiler-sfc-3.4.26.tgz#c679f206829954c3c078d8a9be76d0098b8377ae"
  integrity sha512-It1dp+FAOCgluYSVYlDn5DtZBxk1NCiJJfu2mlQqa/b+k8GL6NG/3/zRbJnHdhV2VhxFghaDq5L4K+1dakW6cw==
  dependencies:
    "@babel/parser" "^7.24.4"
    "@vue/compiler-core" "3.4.26"
    "@vue/compiler-dom" "3.4.26"
    "@vue/compiler-ssr" "3.4.26"
    "@vue/shared" "3.4.26"
    estree-walker "^2.0.2"
    magic-string "^0.30.10"
    postcss "^8.4.38"
    source-map-js "^1.2.0"

"@vue/compiler-ssr@3.4.26":
  version "3.4.26"
  resolved "https://registry.yarnpkg.com/@vue/compiler-ssr/-/compiler-ssr-3.4.26.tgz#22842d8adfff972d87bb798b8d496111f7f814b5"
  integrity sha512-FNwLfk7LlEPRY/g+nw2VqiDKcnDTVdCfBREekF8X74cPLiWHUX6oldktf/Vx28yh4STNy7t+/yuLoMBBF7YDiQ==
  dependencies:
    "@vue/compiler-dom" "3.4.26"
    "@vue/shared" "3.4.26"

"@vue/language-core@2.0.24":
  version "2.0.24"
  resolved "https://registry.yarnpkg.com/@vue/language-core/-/language-core-2.0.24.tgz#078c9e6c31228e31f981c149123a0e0488963daa"
  integrity sha512-997YD6Lq/66LXr3ZOLNxDCmyn13z9NP8LU1UZn9hGCDWhzlbXAIP0hOgL3w3x4RKEaWTaaRtsHP9DzHvmduruQ==
  dependencies:
    "@volar/language-core" "~2.4.0-alpha.2"
    "@vue/compiler-dom" "^3.4.0"
    "@vue/shared" "^3.4.0"
    computeds "^0.0.1"
    minimatch "^9.0.3"
    muggle-string "^0.4.1"
    path-browserify "^1.0.1"
    vue-template-compiler "^2.7.14"

"@vue/language-server@^2.0.24":
  version "2.0.24"
  resolved "https://registry.yarnpkg.com/@vue/language-server/-/language-server-2.0.24.tgz#d318153e68265a75a1f5ae51db73e3ab0585d6e4"
  integrity sha512-/9glKdLGHKA8tPRM1UjCqu8wjQyBhsycEMr13fvA2xhFmgbH4+pZzrmJAaKtt4L3nfesy24kGEN2KM6F7pu5vg==
  dependencies:
    "@volar/language-core" "~2.4.0-alpha.2"
    "@volar/language-server" "~2.4.0-alpha.2"
    "@vue/language-core" "2.0.24"
    "@vue/language-service" "2.0.24"
    "@vue/typescript-plugin" "2.0.24"
    vscode-languageserver-protocol "^3.17.5"
    vscode-uri "^3.0.8"

"@vue/language-service@2.0.24":
  version "2.0.24"
  resolved "https://registry.yarnpkg.com/@vue/language-service/-/language-service-2.0.24.tgz#915eafed2d6942cd6c96697078401a81addc8b0d"
  integrity sha512-CoiTPlc73I/LCji9rnI0Z89GVBOoejUfBzIzEg+6TFw8Eelp2fncgLAvgR8vmOWRVaLn0XgmL2wa0jgtLLderg==
  dependencies:
    "@volar/language-core" "~2.4.0-alpha.2"
    "@volar/language-service" "~2.4.0-alpha.2"
    "@volar/typescript" "~2.4.0-alpha.2"
    "@vue/compiler-dom" "^3.4.0"
    "@vue/language-core" "2.0.24"
    "@vue/shared" "^3.4.0"
    "@vue/typescript-plugin" "2.0.24"
    computeds "^0.0.1"
    path-browserify "^1.0.1"
    volar-service-css "0.0.56"
    volar-service-emmet "0.0.56"
    volar-service-html "0.0.56"
    volar-service-json "0.0.56"
    volar-service-pug "0.0.56"
    volar-service-pug-beautify "0.0.56"
    volar-service-typescript "0.0.56"
    volar-service-typescript-twoslash-queries "0.0.56"
    vscode-html-languageservice "^5.2.0"
    vscode-languageserver-textdocument "^1.0.11"
    vscode-uri "^3.0.8"

"@vue/reactivity@3.4.26":
  version "3.4.26"
  resolved "https://registry.yarnpkg.com/@vue/reactivity/-/reactivity-3.4.26.tgz#1191f543809d4c93e5b3e842ba83022350a3f205"
  integrity sha512-E/ynEAu/pw0yotJeLdvZEsp5Olmxt+9/WqzvKff0gE67tw73gmbx6tRkiagE/eH0UCubzSlGRebCbidB1CpqZQ==
  dependencies:
    "@vue/shared" "3.4.26"

"@vue/runtime-core@3.4.26":
  version "3.4.26"
  resolved "https://registry.yarnpkg.com/@vue/runtime-core/-/runtime-core-3.4.26.tgz#51ee971cb700370a67e5a510c4a84eff7491d658"
  integrity sha512-AFJDLpZvhT4ujUgZSIL9pdNcO23qVFh7zWCsNdGQBw8ecLNxOOnPcK9wTTIYCmBJnuPHpukOwo62a2PPivihqw==
  dependencies:
    "@vue/reactivity" "3.4.26"
    "@vue/shared" "3.4.26"

"@vue/runtime-dom@3.4.26":
  version "3.4.26"
  resolved "https://registry.yarnpkg.com/@vue/runtime-dom/-/runtime-dom-3.4.26.tgz#179aa7c8dc964112e6d096bc8ec5f361111009a1"
  integrity sha512-UftYA2hUXR2UOZD/Fc3IndZuCOOJgFxJsWOxDkhfVcwLbsfh2CdXE2tG4jWxBZuDAs9J9PzRTUFt1PgydEtItw==
  dependencies:
    "@vue/runtime-core" "3.4.26"
    "@vue/shared" "3.4.26"
    csstype "^3.1.3"

"@vue/server-renderer@3.4.26":
  version "3.4.26"
  resolved "https://registry.yarnpkg.com/@vue/server-renderer/-/server-renderer-3.4.26.tgz#6d0c6b0366bfe0232579aea00e3ff6784e5a1c60"
  integrity sha512-xoGAqSjYDPGAeRWxeoYwqJFD/gw7mpgzOvSxEmjWaFO2rE6qpbD1PC172YRpvKhrihkyHJkNDADFXTfCyVGhKw==
  dependencies:
    "@vue/compiler-ssr" "3.4.26"
    "@vue/shared" "3.4.26"

"@vue/shared@3.4.26":
  version "3.4.26"
  resolved "https://registry.yarnpkg.com/@vue/shared/-/shared-3.4.26.tgz#f17854fb1faf889854aed4b23b60e86a8cab6403"
  integrity sha512-Fg4zwR0GNnjzodMt3KRy2AWGMKQXByl56+4HjN87soxLNU9P5xcJkstAlIeEF3cU6UYOzmJl1tV0dVPGIljCnQ==

"@vue/shared@3.4.31", "@vue/shared@^3.4.0":
  version "3.4.31"
  resolved "https://registry.yarnpkg.com/@vue/shared/-/shared-3.4.31.tgz#af9981f57def2c3f080c14bf219314fc0dc808a0"
  integrity sha512-Yp3wtJk//8cO4NItOPpi3QkLExAr/aLBGZMmTtW9WpdwBCJpRM6zj9WgWktXAl8IDIozwNMByT45JP3tO3ACWA==

"@vue/typescript-plugin@2.0.24":
  version "2.0.24"
  resolved "https://registry.yarnpkg.com/@vue/typescript-plugin/-/typescript-plugin-2.0.24.tgz#1710d283885c13d61f542335c98686d7c492c04f"
  integrity sha512-UjC6iKiyJ1pn0CbcsDW3IyiNb7z7vtABI3b9tDZ8xLGDvVLduZ0qwzq22b5jg2cVEIhLdjbQ4quaEoZflltfTw==
  dependencies:
    "@volar/typescript" "~2.4.0-alpha.2"
    "@vue/language-core" "2.0.24"
    "@vue/shared" "^3.4.0"

acorn@^7.1.1:
  version "7.4.1"
  resolved "https://registry.yarnpkg.com/acorn/-/acorn-7.4.1.tgz#feaed255973d2e77555b83dbc08851a6c63520fa"
  integrity sha512-nQyp0o1/mNdbTO1PO6kHkwSrmgZ0MT/jCCpNiwbUjGoRN4dlBhqJtoQuCnEOKzgTVwg0ZWiCoQy6SxMebQVh8A==

balanced-match@^1.0.0:
  version "1.0.2"
  resolved "https://registry.yarnpkg.com/balanced-match/-/balanced-match-1.0.2.tgz#e83e3a7e3f300b34cb9d87f615fa0cbf357690ee"
  integrity sha512-3oSeUO0TMV67hN1AmbXsK4yaqU7tjiHlbxRDZOpH0KW9+CeX4bRAaX0Anxt0tx2MrpRpWwQaPwIlISEJhYU5Pw==

brace-expansion@^2.0.1:
  version "2.0.1"
  resolved "https://registry.yarnpkg.com/brace-expansion/-/brace-expansion-2.0.1.tgz#1edc459e0f0c548486ecf9fc99f2221364b9a0ae"
  integrity sha512-XnAIvQ8eM+kC6aULx6wuQiwVsnzsi9d3WxzV3FpWTGA19F621kwdbsAcFKXgKUHZWsy+mY6iL1sHTxWEFCytDA==
  dependencies:
    balanced-match "^1.0.0"

call-bind@^1.0.2:
  version "1.0.7"
  resolved "https://registry.yarnpkg.com/call-bind/-/call-bind-1.0.7.tgz#06016599c40c56498c18769d2730be242b6fa3b9"
  integrity sha512-GHTSNSYICQ7scH7sZ+M2rFopRoLh8t2bLSW6BbgrtLsahOIB5iyAVJf9GjWK3cYTDaMj4XdBpM1cA6pIS0Kv2w==
  dependencies:
    es-define-property "^1.0.0"
    es-errors "^1.3.0"
    function-bind "^1.1.2"
    get-intrinsic "^1.2.4"
    set-function-length "^1.2.1"

character-parser@^2.2.0:
  version "2.2.0"
  resolved "https://registry.yarnpkg.com/character-parser/-/character-parser-2.2.0.tgz#c7ce28f36d4bcd9744e5ffc2c5fcde1c73261fc0"
  integrity sha512-+UqJQjFEFaTAs3bNsF2j2kEN1baG/zghZbdqoYEDxGZtJo9LBzl1A+m0D4n3qKx8N2FNv8/Xp6yV9mQmBuptaw==
  dependencies:
    is-regex "^1.0.3"

computeds@^0.0.1:
  version "0.0.1"
  resolved "https://registry.yarnpkg.com/computeds/-/computeds-0.0.1.tgz#215b08a4ba3e08a11ff6eee5d6d8d7166a97ce2e"
  integrity sha512-7CEBgcMjVmitjYo5q8JTJVra6X5mQ20uTThdK+0kR7UEaDrAWEQcRiBtWJzga4eRpP6afNwwLsX2SET2JhVB1Q==

csstype@^3.1.3:
  version "3.1.3"
  resolved "https://registry.yarnpkg.com/csstype/-/csstype-3.1.3.tgz#d80ff294d114fb0e6ac500fbf85b60137d7eff81"
  integrity sha512-M1uQkMl8rQK/szD0LNhtqxIPLpimGm8sOBwU7lLnCpSbTyY3yeU1Vc7l4KT5zT4s/yOxHH5O7tIuuLOCnLADRw==

de-indent@^1.0.2:
  version "1.0.2"
  resolved "https://registry.yarnpkg.com/de-indent/-/de-indent-1.0.2.tgz#b2038e846dc33baa5796128d0804b455b8c1e21d"
  integrity sha512-e/1zu3xH5MQryN2zdVaF0OrdNLUbvWxzMbi+iNA6Bky7l1RoP8a2fIbRocyHclXt/arDrrR6lL3TqFD9pMQTsg==

define-data-property@^1.1.4:
  version "1.1.4"
  resolved "https://registry.yarnpkg.com/define-data-property/-/define-data-property-1.1.4.tgz#894dc141bb7d3060ae4366f6a0107e68fbe48c5e"
  integrity sha512-rBMvIzlpA8v6E+SJZoo++HAYqsLrkg7MSfIinMPFhmkorw7X+dOXVJQs+QT69zGkzMyfDnIMN2Wid1+NbL3T+A==
  dependencies:
    es-define-property "^1.0.0"
    es-errors "^1.3.0"
    gopd "^1.0.1"

emmet@^2.4.3:
  version "2.4.7"
  resolved "https://registry.yarnpkg.com/emmet/-/emmet-2.4.7.tgz#19893c34e6274af14ea3c5729101e3c4ed18f01e"
  integrity sha512-O5O5QNqtdlnQM2bmKHtJgyChcrFMgQuulI+WdiOw2NArzprUqqxUW6bgYtKvzKgrsYpuLWalOkdhNP+1jluhCA==
  dependencies:
    "@emmetio/abbreviation" "^2.3.3"
    "@emmetio/css-abbreviation" "^2.1.8"

entities@^4.5.0:
  version "4.5.0"
  resolved "https://registry.yarnpkg.com/entities/-/entities-4.5.0.tgz#5d268ea5e7113ec74c4d033b79ea5a35a488fb48"
  integrity sha512-V0hjH4dGPh9Ao5p0MoRY6BVqtwCjhz6vI5LT8AJ55H+4g9/4vbHx1I54fS0XuclLhDHArPQCiMjDxjaL8fPxhw==

es-define-property@^1.0.0:
  version "1.0.0"
  resolved "https://registry.yarnpkg.com/es-define-property/-/es-define-property-1.0.0.tgz#c7faefbdff8b2696cf5f46921edfb77cc4ba3845"
  integrity sha512-jxayLKShrEqqzJ0eumQbVhTYQM27CfT1T35+gCgDFoL82JLsXqTJ76zv6A0YLOgEnLUMvLzsDsGIrl8NFpT2gQ==
  dependencies:
    get-intrinsic "^1.2.4"

es-errors@^1.3.0:
  version "1.3.0"
  resolved "https://registry.yarnpkg.com/es-errors/-/es-errors-1.3.0.tgz#05f75a25dab98e4fb1dcd5e1472c0546d5057c8f"
  integrity sha512-Zf5H2Kxt2xjTvbJvP2ZWLEICxA6j+hAmMzIlypy4xcBg1vKVnx89Wy0GbS+kf5cwCVFFzdCFh2XSCFNULS6csw==

esbuild@^0.18.10:
  version "0.18.20"
  resolved "https://registry.yarnpkg.com/esbuild/-/esbuild-0.18.20.tgz#4709f5a34801b43b799ab7d6d82f7284a9b7a7a6"
  integrity sha512-ceqxoedUrcayh7Y7ZX6NdbbDzGROiyVBgC4PriJThBKSVPWnnFHZAkfI1lJT8QFkOwH4qOS2SJkS4wvpGl8BpA==
  optionalDependencies:
    "@esbuild/android-arm" "0.18.20"
    "@esbuild/android-arm64" "0.18.20"
    "@esbuild/android-x64" "0.18.20"
    "@esbuild/darwin-arm64" "0.18.20"
    "@esbuild/darwin-x64" "0.18.20"
    "@esbuild/freebsd-arm64" "0.18.20"
    "@esbuild/freebsd-x64" "0.18.20"
    "@esbuild/linux-arm" "0.18.20"
    "@esbuild/linux-arm64" "0.18.20"
    "@esbuild/linux-ia32" "0.18.20"
    "@esbuild/linux-loong64" "0.18.20"
    "@esbuild/linux-mips64el" "0.18.20"
    "@esbuild/linux-ppc64" "0.18.20"
    "@esbuild/linux-riscv64" "0.18.20"
    "@esbuild/linux-s390x" "0.18.20"
    "@esbuild/linux-x64" "0.18.20"
    "@esbuild/netbsd-x64" "0.18.20"
    "@esbuild/openbsd-x64" "0.18.20"
    "@esbuild/sunos-x64" "0.18.20"
    "@esbuild/win32-arm64" "0.18.20"
    "@esbuild/win32-ia32" "0.18.20"
    "@esbuild/win32-x64" "0.18.20"

estree-walker@^2.0.2:
  version "2.0.2"
  resolved "https://registry.yarnpkg.com/estree-walker/-/estree-walker-2.0.2.tgz#52f010178c2a4c117a7757cfe942adb7d2da4cac"
  integrity sha512-Rfkk/Mp/DL7JVje3u18FxFujQlTNR2q6QfMSMB7AvCBx91NGj/ba3kCfza0f6dVDbw7YlRf/nDrn7pQrCCyQ/w==

fsevents@~2.3.2:
  version "2.3.3"
  resolved "https://registry.yarnpkg.com/fsevents/-/fsevents-2.3.3.tgz#cac6407785d03675a2a5e1a5305c697b347d90d6"
  integrity sha512-5xoDfX+fL7faATnagmWPpbFtwh/R77WmMMqqHGS65C3vvB0YHrgF+B1YmZ3441tMj5n63k0212XNoJwzlhffQw==

function-bind@^1.1.2:
  version "1.1.2"
  resolved "https://registry.yarnpkg.com/function-bind/-/function-bind-1.1.2.tgz#2c02d864d97f3ea6c8830c464cbd11ab6eab7a1c"
  integrity sha512-7XHNxH7qX9xG5mIwxkhumTox/MIRNcOgDrxWsMt2pAr23WHp6MrRlN7FBSFpCpr+oVO0F744iUgR82nJMfG2SA==

get-intrinsic@^1.1.3, get-intrinsic@^1.2.4:
  version "1.2.4"
  resolved "https://registry.yarnpkg.com/get-intrinsic/-/get-intrinsic-1.2.4.tgz#e385f5a4b5227d449c3eabbad05494ef0abbeadd"
  integrity sha512-5uYhsJH8VJBTv7oslg4BznJYhDoRI6waYCxMmCdnTrcCrHA/fCFKoTFz2JKKE0HdDFUF7/oQuhzumXJK7paBRQ==
  dependencies:
    es-errors "^1.3.0"
    function-bind "^1.1.2"
    has-proto "^1.0.1"
    has-symbols "^1.0.3"
    hasown "^2.0.0"

gopd@^1.0.1:
  version "1.0.1"
  resolved "https://registry.yarnpkg.com/gopd/-/gopd-1.0.1.tgz#29ff76de69dac7489b7c0918a5788e56477c332c"
  integrity sha512-d65bNlIadxvpb/A2abVdlqKqV563juRnZ1Wtk6s1sIR8uNsXR70xqIzVqxVf1eTqDunwT2MkczEeaezCKTZhwA==
  dependencies:
    get-intrinsic "^1.1.3"

has-property-descriptors@^1.0.2:
  version "1.0.2"
  resolved "https://registry.yarnpkg.com/has-property-descriptors/-/has-property-descriptors-1.0.2.tgz#963ed7d071dc7bf5f084c5bfbe0d1b6222586854"
  integrity sha512-55JNKuIW+vq4Ke1BjOTjM2YctQIvCT7GFzHwmfZPGo5wnrgkid0YQtnAleFSqumZm4az3n2BS+erby5ipJdgrg==
  dependencies:
    es-define-property "^1.0.0"

has-proto@^1.0.1:
  version "1.0.3"
  resolved "https://registry.yarnpkg.com/has-proto/-/has-proto-1.0.3.tgz#b31ddfe9b0e6e9914536a6ab286426d0214f77fd"
  integrity sha512-SJ1amZAJUiZS+PhsVLf5tGydlaVB8EdFpaSO4gmiUKUOxk8qzn5AIy4ZeJUmh22znIdk/uMAUT2pl3FxzVUH+Q==

has-symbols@^1.0.3:
  version "1.0.3"
  resolved "https://registry.yarnpkg.com/has-symbols/-/has-symbols-1.0.3.tgz#bb7b2c4349251dce87b125f7bdf874aa7c8b39f8"
  integrity sha512-l3LCuF6MgDNwTDKkdYGEihYjt5pRPbEg46rtlmnSPlUbgmB8LOIrKJbYYFBSbnPaJexMKtiPO8hmeRjRz2Td+A==

has-tostringtag@^1.0.0:
  version "1.0.2"
  resolved "https://registry.yarnpkg.com/has-tostringtag/-/has-tostringtag-1.0.2.tgz#2cdc42d40bef2e5b4eeab7c01a73c54ce7ab5abc"
  integrity sha512-NqADB8VjPFLM2V0VvHUewwwsw0ZWBaIdgo+ieHtK3hasLz4qeCRjYcqfB6AQrBggRKppKF8L52/VqdVsO47Dlw==
  dependencies:
    has-symbols "^1.0.3"

hasown@^2.0.0:
  version "2.0.2"
  resolved "https://registry.yarnpkg.com/hasown/-/hasown-2.0.2.tgz#003eaf91be7adc372e84ec59dc37252cedb80003"
  integrity sha512-0hJU9SCPvmMzIBdZFqNPXWa6dqh7WdH0cII9y+CyS8rG3nL48Bclra9HmKhVVUHyPWNH5Y7xDwAB7bfgSjkUMQ==
  dependencies:
    function-bind "^1.1.2"

he@^1.2.0:
  version "1.2.0"
  resolved "https://registry.yarnpkg.com/he/-/he-1.2.0.tgz#84ae65fa7eafb165fddb61566ae14baf05664f0f"
  integrity sha512-F/1DnUGPopORZi0ni+CvrCgHQ5FyEAHRLSApuYWMmrbSwoN2Mn/7k+Gl38gJnR7yyDZk6WLXwiGod1JOWNDKGw==

is-expression@^4.0.0:
  version "4.0.0"
  resolved "https://registry.yarnpkg.com/is-expression/-/is-expression-4.0.0.tgz#c33155962abf21d0afd2552514d67d2ec16fd2ab"
  integrity sha512-zMIXX63sxzG3XrkHkrAPvm/OVZVSCPNkwMHU8oTX7/U3AL78I0QXCEICXUM13BIa8TYGZ68PiTKfQz3yaTNr4A==
  dependencies:
    acorn "^7.1.1"
    object-assign "^4.1.1"

is-regex@^1.0.3:
  version "1.1.4"
  resolved "https://registry.yarnpkg.com/is-regex/-/is-regex-1.1.4.tgz#eef5663cd59fa4c0ae339505323df6854bb15958"
  integrity sha512-kvRdxDsxZjhzUX07ZnLydzS1TU/TJlTUHHY4YLL87e37oUA49DfkLqgy+VjFocowy29cKvcSiu+kIv728jTTVg==
  dependencies:
    call-bind "^1.0.2"
    has-tostringtag "^1.0.0"

jsonc-parser@^2.3.0:
  version "2.3.1"
  resolved "https://registry.yarnpkg.com/jsonc-parser/-/jsonc-parser-2.3.1.tgz#59549150b133f2efacca48fe9ce1ec0659af2342"
  integrity sha512-H8jvkz1O50L3dMZCsLqiuB2tA7muqbSg1AtGEkN0leAqGjsUzDJir3Zwr02BhqdcITPg3ei3mZ+HjMocAknhhg==

jsonc-parser@^3.3.0:
  version "3.3.1"
  resolved "https://registry.yarnpkg.com/jsonc-parser/-/jsonc-parser-3.3.1.tgz#f2a524b4f7fd11e3d791e559977ad60b98b798b4"
  integrity sha512-HUgH65KyejrUFPvHFPbqOY0rsFip3Bo5wb4ngvdi1EpCYWUQDC5V+Y7mZws+DLkr4M//zQJoanu1SP+87Dv1oQ==

magic-string@^0.30.10:
  version "0.30.10"
  resolved "https://registry.yarnpkg.com/magic-string/-/magic-string-0.30.10.tgz#123d9c41a0cb5640c892b041d4cfb3bd0aa4b39e"
  integrity sha512-iIRwTIf0QKV3UAnYK4PU8uiEc4SRh5jX0mwpIwETPpHdhVM4f53RSwS/vXvN1JhGX+Cs7B8qIq3d6AH49O5fAQ==
  dependencies:
    "@jridgewell/sourcemap-codec" "^1.4.15"

minimatch@^9.0.3:
  version "9.0.5"
  resolved "https://registry.yarnpkg.com/minimatch/-/minimatch-9.0.5.tgz#d74f9dd6b57d83d8e98cfb82133b03978bc929e5"
  integrity sha512-G6T0ZX48xgozx7587koeX9Ys2NYy6Gmv//P89sEte9V9whIapMNF4idKxnW2QtCcLiTWlb/wfCabAtAFWhhBow==
  dependencies:
    brace-expansion "^2.0.1"

muggle-string@^0.4.1:
  version "0.4.1"
  resolved "https://registry.yarnpkg.com/muggle-string/-/muggle-string-0.4.1.tgz#3b366bd43b32f809dc20659534dd30e7c8a0d328"
  integrity sha512-VNTrAak/KhO2i8dqqnqnAHOa3cYBwXEZe9h+D5h/1ZqFSTEFHdM65lR7RoIqq3tBBYavsOXV84NoHXZ0AkPyqQ==

nanoid@^3.3.7:
  version "3.3.7"
  resolved "https://registry.yarnpkg.com/nanoid/-/nanoid-3.3.7.tgz#d0c301a691bc8d54efa0a2226ccf3fe2fd656bd8"
  integrity sha512-eSRppjcPIatRIMC1U6UngP8XFcz8MQWGQdt1MTBQ7NaAmvXDfvNxbvWV3x2y6CdEUciCSsDHDQZbhYaB8QEo2g==

object-assign@^4.1.1:
  version "4.1.1"
  resolved "https://registry.yarnpkg.com/object-assign/-/object-assign-4.1.1.tgz#2109adc7965887cfc05cbbd442cac8bfbb360863"
  integrity sha512-rJgTQnkUnH1sFw8yT6VSU3zD3sWmu6sZhIseY8VX+GRu3P6F7Fu+JNDoXfklElbLJSnc3FUQHVe4cU5hj+BcUg==

path-browserify@^1.0.1:
  version "1.0.1"
  resolved "https://registry.yarnpkg.com/path-browserify/-/path-browserify-1.0.1.tgz#d98454a9c3753d5790860f16f68867b9e46be1fd"
  integrity sha512-b7uo2UCUOYZcnF/3ID0lulOJi/bafxa1xPe7ZPsammBSpjSWQkjNxlt635YGS2MiR9GjvuXCtz2emr3jbsz98g==

picocolors@^1.0.0:
  version "1.0.0"
  resolved "https://registry.yarnpkg.com/picocolors/-/picocolors-1.0.0.tgz#cb5bdc74ff3f51892236eaf79d68bc44564ab81c"
  integrity sha512-1fygroTLlHu66zi26VoTDv8yRgm0Fccecssto+MhsZ0D/DGW2sm8E8AjW7NU5VVTRt5GxbeZ5qBuJr+HyLYkjQ==

postcss@^8.4.27, postcss@^8.4.38:
  version "8.4.38"
  resolved "https://registry.yarnpkg.com/postcss/-/postcss-8.4.38.tgz#b387d533baf2054288e337066d81c6bee9db9e0e"
  integrity sha512-Wglpdk03BSfXkHoQa3b/oulrotAkwrlLDRSOb9D0bN86FdRyE9lppSp33aHNPgBa0JKCoB+drFLZkQoRRYae5A==
  dependencies:
    nanoid "^3.3.7"
    picocolors "^1.0.0"
    source-map-js "^1.2.0"

pug-error@^2.0.0:
  version "2.1.0"
  resolved "https://registry.yarnpkg.com/pug-error/-/pug-error-2.1.0.tgz#17ea37b587b6443d4b8f148374ec27b54b406e55"
  integrity sha512-lv7sU9e5Jk8IeUheHata6/UThZ7RK2jnaaNztxfPYUY+VxZyk/ePVaNZ/vwmH8WqGvDz3LrNYt/+gA55NDg6Pg==

pug-lexer@^5.0.1:
  version "5.0.1"
  resolved "https://registry.yarnpkg.com/pug-lexer/-/pug-lexer-5.0.1.tgz#ae44628c5bef9b190b665683b288ca9024b8b0d5"
  integrity sha512-0I6C62+keXlZPZkOJeVam9aBLVP2EnbeDw3An+k0/QlqdwH6rv8284nko14Na7c0TtqtogfWXcRoFE4O4Ff20w==
  dependencies:
    character-parser "^2.2.0"
    is-expression "^4.0.0"
    pug-error "^2.0.0"

pug-parser@^6.0.0:
  version "6.0.0"
  resolved "https://registry.yarnpkg.com/pug-parser/-/pug-parser-6.0.0.tgz#a8fdc035863a95b2c1dc5ebf4ecf80b4e76a1260"
  integrity sha512-ukiYM/9cH6Cml+AOl5kETtM9NR3WulyVP2y4HOU45DyMim1IeP/OOiyEWRr6qk5I5klpsBnbuHpwKmTx6WURnw==
  dependencies:
    pug-error "^2.0.0"
    token-stream "1.0.0"

request-light@^0.7.0:
  version "0.7.0"
  resolved "https://registry.yarnpkg.com/request-light/-/request-light-0.7.0.tgz#885628bb2f8040c26401ebf258ec51c4ae98ac2a"
  integrity sha512-lMbBMrDoxgsyO+yB3sDcrDuX85yYt7sS8BfQd11jtbW/z5ZWgLZRcEGLsLoYw7I0WSUGQBs8CC8ScIxkTX1+6Q==

rollup@^3.27.1:
  version "3.29.4"
  resolved "https://registry.yarnpkg.com/rollup/-/rollup-3.29.4.tgz#4d70c0f9834146df8705bfb69a9a19c9e1109981"
  integrity sha512-oWzmBZwvYrU0iJHtDmhsm662rC15FRXmcjCk1xD771dFDx5jJ02ufAQQTn0etB2emNk4J9EZg/yWKpsn9BWGRw==
  optionalDependencies:
    fsevents "~2.3.2"

semver@^7.3.8, semver@^7.6.2:
  version "7.6.2"
  resolved "https://registry.yarnpkg.com/semver/-/semver-7.6.2.tgz#1e3b34759f896e8f14d6134732ce798aeb0c6e13"
  integrity sha512-FNAIBWCx9qcRhoHcgcJ0gvU7SN1lYU2ZXuSfl04bSC5OpvDHFyJCjdNHomPXxjQlCBU67YW64PzY7/VIEH7F2w==

set-function-length@^1.2.1:
  version "1.2.2"
  resolved "https://registry.yarnpkg.com/set-function-length/-/set-function-length-1.2.2.tgz#aac72314198eaed975cf77b2c3b6b880695e5449"
  integrity sha512-pgRc4hJ4/sNjWCSS9AmnS40x3bNMDTknHgL5UaMBTMyJnU90EgWh1Rz+MC9eFu4BuN/UwZjKQuY/1v3rM7HMfg==
  dependencies:
    define-data-property "^1.1.4"
    es-errors "^1.3.0"
    function-bind "^1.1.2"
    get-intrinsic "^1.2.4"
    gopd "^1.0.1"
    has-property-descriptors "^1.0.2"

source-map-js@^1.2.0:
  version "1.2.0"
  resolved "https://registry.yarnpkg.com/source-map-js/-/source-map-js-1.2.0.tgz#16b809c162517b5b8c3e7dcd315a2a5c2612b2af"
  integrity sha512-itJW8lvSA0TXEphiRoawsCksnlf8SyvmFzIhltqAHluXd88pkCd+cXJVHTDwdCr0IzwptSm035IHQktUu1QUMg==

token-stream@1.0.0:
  version "1.0.0"
  resolved "https://registry.yarnpkg.com/token-stream/-/token-stream-1.0.0.tgz#cc200eab2613f4166d27ff9afc7ca56d49df6eb4"
  integrity sha512-VSsyNPPW74RpHwR8Fc21uubwHY7wMDeJLys2IX5zJNih+OnAnaifKHo+1LHT7DAdloQ7apeaaWg8l7qnf/TnEg==

typescript-auto-import-cache@^0.3.3:
  version "0.3.3"
  resolved "https://registry.yarnpkg.com/typescript-auto-import-cache/-/typescript-auto-import-cache-0.3.3.tgz#45f376313d1eb0929ce47ef1d1aae5a353d060a3"
  integrity sha512-ojEC7+Ci1ij9eE6hp8Jl9VUNnsEKzztktP5gtYNRMrTmfXVwA1PITYYAkpxCvvupdSYa/Re51B6KMcv1CTZEUA==
  dependencies:
    semver "^7.3.8"

vite@^4.4.5:
  version "4.5.3"
  resolved "https://registry.yarnpkg.com/vite/-/vite-4.5.3.tgz#d88a4529ea58bae97294c7e2e6f0eab39a50fb1a"
  integrity sha512-kQL23kMeX92v3ph7IauVkXkikdDRsYMGTVl5KY2E9OY4ONLvkHf04MDTbnfo6NKxZiDLWzVpP5oTa8hQD8U3dg==
  dependencies:
    esbuild "^0.18.10"
    postcss "^8.4.27"
    rollup "^3.27.1"
  optionalDependencies:
    fsevents "~2.3.2"

volar-service-css@0.0.56:
  version "0.0.56"
  resolved "https://registry.yarnpkg.com/volar-service-css/-/volar-service-css-0.0.56.tgz#a28e78e0909475b3ce2245ba1af5d0a51163c660"
  integrity sha512-Pdbk5QayLNWJislbik4Lo0QLLyd4pTqcgZCE2gaEQp9ozHCtrRNj3vY7KAh4BTgfiOqTSAj/UhViOXVAtdF3yg==
  dependencies:
    vscode-css-languageservice "^6.3.0"
    vscode-languageserver-textdocument "^1.0.11"
    vscode-uri "^3.0.8"

volar-service-emmet@0.0.56:
  version "0.0.56"
  resolved "https://registry.yarnpkg.com/volar-service-emmet/-/volar-service-emmet-0.0.56.tgz#a1f84c49af0bdf51b35ee3adaebd91b2a7fb8ef2"
  integrity sha512-2WqvOMTYBOpNAHtEWj0C9d8Wyco8aY4KL+9lfdFCWJd7RYU6R6mIlbrvcdSP2De8b5Z7gwTCUm6Kcjt8qOCvjQ==
  dependencies:
    "@emmetio/css-parser" "^0.4.0"
    "@emmetio/html-matcher" "^1.3.0"
    "@vscode/emmet-helper" "^2.9.3"
    vscode-uri "^3.0.8"

volar-service-html@0.0.56:
  version "0.0.56"
  resolved "https://registry.yarnpkg.com/volar-service-html/-/volar-service-html-0.0.56.tgz#b4fa832eab7e37dab5bd99b2c7d52661e3272b03"
  integrity sha512-OwDRiASNqFxAFdO55CZ0/XKnPt7WGw8CoaM/g6QzExikPZ92ySbK/kvh1zi6WR3w+hP6C4BNeVITzOk9tjgNGw==
  dependencies:
    vscode-html-languageservice "^5.3.0"
    vscode-languageserver-textdocument "^1.0.11"
    vscode-uri "^3.0.8"

volar-service-json@0.0.56:
  version "0.0.56"
  resolved "https://registry.yarnpkg.com/volar-service-json/-/volar-service-json-0.0.56.tgz#c87b671efbe89699caa65687492d452c9ab00802"
  integrity sha512-eYXfOYTJLOw9UeA2YNtxGp/Lgu4pKk9u72I/HI+TcqLdMJKoXpOwLF6nUEhZVTy9LqTSRF0QvgXFa4q4mcLwIg==
  dependencies:
    vscode-json-languageservice "^5.4.0"
    vscode-uri "^3.0.8"

volar-service-pug-beautify@0.0.56:
  version "0.0.56"
  resolved "https://registry.yarnpkg.com/volar-service-pug-beautify/-/volar-service-pug-beautify-0.0.56.tgz#98d918920bb03b2ee63c23544e3ee70be6de21fb"
  integrity sha512-ai79ljMfKH2bjcVjUET0zAwpVjDNtMCjizkttxCkNHCMTYIc1muhHIEj1+nNAw4zrDT51lxZgW6OJMTXQ+BW9A==
  dependencies:
    "@johnsoncodehk/pug-beautify" "^0.2.2"

volar-service-pug@0.0.56:
  version "0.0.56"
  resolved "https://registry.yarnpkg.com/volar-service-pug/-/volar-service-pug-0.0.56.tgz#4f0906918ad3a29d3b40b239da4063ce13f062c3"
  integrity sha512-NaobSQiuAFBTzBE7YHAyHyCZXqVNFFbXvuXTtXsJP6LR1lvBWg7IUgg45kzV1OS146qq2cmY3lryhlNRHwCmmg==
  dependencies:
    "@volar/language-service" "~2.4.0-alpha.1"
    muggle-string "^0.4.1"
    pug-lexer "^5.0.1"
    pug-parser "^6.0.0"
    volar-service-html "0.0.56"
    vscode-html-languageservice "^5.3.0"
    vscode-languageserver-textdocument "^1.0.11"

volar-service-typescript-twoslash-queries@0.0.56:
  version "0.0.56"
  resolved "https://registry.yarnpkg.com/volar-service-typescript-twoslash-queries/-/volar-service-typescript-twoslash-queries-0.0.56.tgz#e09aa4cfb529549d0ad12919cc446567a58b72da"
  integrity sha512-VqOp3xQucUzLpJCOEQcAiAUlbv6c1laTbFsM/pc06S/+l78eHPDbnivoSwL+0MKbNoLwLsS5w0OwBfwQ2Dn2Jg==
  dependencies:
    vscode-uri "^3.0.8"

volar-service-typescript@0.0.56:
  version "0.0.56"
  resolved "https://registry.yarnpkg.com/volar-service-typescript/-/volar-service-typescript-0.0.56.tgz#ee37d891d492f82339412fa4d2e6d556408e7fc3"
  integrity sha512-p16fn61j4IiNLhLl7ZxdnRRDpRLWiqIRhZm1xLgek4JshCCy5Z7KShYG6LVZXK3hNvXxM8f61PIl0KDCCzStKA==
  dependencies:
    path-browserify "^1.0.1"
    semver "^7.6.2"
    typescript-auto-import-cache "^0.3.3"
    vscode-languageserver-textdocument "^1.0.11"
    vscode-nls "^5.2.0"
    vscode-uri "^3.0.8"

vscode-css-languageservice@^6.3.0:
  version "6.3.0"
  resolved "https://registry.yarnpkg.com/vscode-css-languageservice/-/vscode-css-languageservice-6.3.0.tgz#51724d193d19b1a9075b1cef5cfeea6a555d2aa4"
  integrity sha512-nU92imtkgzpCL0xikrIb8WvedV553F2BENzgz23wFuok/HLN5BeQmroMy26pUwFxV2eV8oNRmYCUv8iO7kSMhw==
  dependencies:
    "@vscode/l10n" "^0.0.18"
    vscode-languageserver-textdocument "^1.0.11"
    vscode-languageserver-types "3.17.5"
    vscode-uri "^3.0.8"

vscode-html-languageservice@^5.2.0, vscode-html-languageservice@^5.3.0:
  version "5.3.0"
  resolved "https://registry.yarnpkg.com/vscode-html-languageservice/-/vscode-html-languageservice-5.3.0.tgz#298ae5600c6749cbb95838975d07f449c44cb478"
  integrity sha512-C4Z3KsP5Ih+fjHpiBc5jxmvCl+4iEwvXegIrzu2F5pktbWvQaBT3YkVPk8N+QlSSMk8oCG6PKtZ/Sq2YHb5e8g==
  dependencies:
    "@vscode/l10n" "^0.0.18"
    vscode-languageserver-textdocument "^1.0.11"
    vscode-languageserver-types "^3.17.5"
    vscode-uri "^3.0.8"

vscode-json-languageservice@^5.4.0:
  version "5.4.0"
  resolved "https://registry.yarnpkg.com/vscode-json-languageservice/-/vscode-json-languageservice-5.4.0.tgz#caf1aabc81b1df9faf6a97e4c34e13a2d10a8cdf"
  integrity sha512-NCkkCr63OHVkE4lcb0xlUAaix6vE5gHQW4NrswbLEh3ArXj81lrGuFTsGEYEUXlNHdnc53vWPcjeSy/nMTrfXg==
  dependencies:
    "@vscode/l10n" "^0.0.18"
    jsonc-parser "^3.3.0"
    vscode-languageserver-textdocument "^1.0.11"
    vscode-languageserver-types "^3.17.5"
    vscode-uri "^3.0.8"

vscode-jsonrpc@8.2.0:
  version "8.2.0"
  resolved "https://registry.yarnpkg.com/vscode-jsonrpc/-/vscode-jsonrpc-8.2.0.tgz#f43dfa35fb51e763d17cd94dcca0c9458f35abf9"
  integrity sha512-C+r0eKJUIfiDIfwJhria30+TYWPtuHJXHtI7J0YlOmKAo7ogxP20T0zxB7HZQIFhIyvoBPwWskjxrvAtfjyZfA==

vscode-languageserver-protocol@3.17.5, vscode-languageserver-protocol@^3.17.5:
  version "3.17.5"
  resolved "https://registry.yarnpkg.com/vscode-languageserver-protocol/-/vscode-languageserver-protocol-3.17.5.tgz#864a8b8f390835572f4e13bd9f8313d0e3ac4bea"
  integrity sha512-mb1bvRJN8SVznADSGWM9u/b07H7Ecg0I3OgXDuLdn307rl/J3A9YD6/eYOssqhecL27hK1IPZAsaqh00i/Jljg==
  dependencies:
    vscode-jsonrpc "8.2.0"
    vscode-languageserver-types "3.17.5"

vscode-languageserver-textdocument@^1.0.1, vscode-languageserver-textdocument@^1.0.11:
  version "1.0.11"
  resolved "https://registry.yarnpkg.com/vscode-languageserver-textdocument/-/vscode-languageserver-textdocument-1.0.11.tgz#0822a000e7d4dc083312580d7575fe9e3ba2e2bf"
  integrity sha512-X+8T3GoiwTVlJbicx/sIAF+yuJAqz8VvwJyoMVhwEMoEKE/fkDmrqUgDMyBECcM2A2frVZIUj5HI/ErRXCfOeA==

vscode-languageserver-types@3.17.5, vscode-languageserver-types@^3.15.1, vscode-languageserver-types@^3.17.5:
  version "3.17.5"
  resolved "https://registry.yarnpkg.com/vscode-languageserver-types/-/vscode-languageserver-types-3.17.5.tgz#3273676f0cf2eab40b3f44d085acbb7f08a39d8a"
  integrity sha512-Ld1VelNuX9pdF39h2Hgaeb5hEZM2Z3jUrrMgWQAu82jMtZp7p3vJT3BzToKtZI7NgQssZje5o0zryOrhQvzQAg==

vscode-languageserver@^9.0.1:
  version "9.0.1"
  resolved "https://registry.yarnpkg.com/vscode-languageserver/-/vscode-languageserver-9.0.1.tgz#500aef82097eb94df90d008678b0b6b5f474015b"
  integrity sha512-woByF3PDpkHFUreUa7Hos7+pUWdeWMXRd26+ZX2A8cFx6v/JPTtd4/uN0/jB6XQHYaOlHbio03NTHCqrgG5n7g==
  dependencies:
    vscode-languageserver-protocol "3.17.5"

vscode-nls@^5.2.0:
  version "5.2.0"
  resolved "https://registry.yarnpkg.com/vscode-nls/-/vscode-nls-5.2.0.tgz#3cb6893dd9bd695244d8a024bdf746eea665cc3f"
  integrity sha512-RAaHx7B14ZU04EU31pT+rKz2/zSl7xMsfIZuo8pd+KZO6PXtQmpevpq3vxvWNcrGbdmhM/rr5Uw5Mz+NBfhVng==

vscode-uri@^2.1.2:
  version "2.1.2"
  resolved "https://registry.yarnpkg.com/vscode-uri/-/vscode-uri-2.1.2.tgz#c8d40de93eb57af31f3c715dd650e2ca2c096f1c"
  integrity sha512-8TEXQxlldWAuIODdukIb+TR5s+9Ds40eSJrw+1iDDA9IFORPjMELarNQE3myz5XIkWWpdprmJjm1/SxMlWOC8A==

vscode-uri@^3.0.8:
  version "3.0.8"
  resolved "https://registry.yarnpkg.com/vscode-uri/-/vscode-uri-3.0.8.tgz#1770938d3e72588659a172d0fd4642780083ff9f"
  integrity sha512-AyFQ0EVmsOZOlAnxoFOGOq1SQDWAB7C6aqMGS23svWAllfOaxbuFvcT8D1i8z3Gyn8fraVeZNNmN6e9bxxXkKw==

vue-template-compiler@^2.7.14:
  version "2.7.16"
  resolved "https://registry.yarnpkg.com/vue-template-compiler/-/vue-template-compiler-2.7.16.tgz#c81b2d47753264c77ac03b9966a46637482bb03b"
  integrity sha512-AYbUWAJHLGGQM7+cNTELw+KsOG9nl2CnSv467WobS5Cv9uk3wFcnr1Etsz2sEIHEZvw1U+o9mRlEO6QbZvUPGQ==
  dependencies:
    de-indent "^1.0.2"
    he "^1.2.0"

vue@^3.3.4:
  version "3.4.26"
  resolved "https://registry.yarnpkg.com/vue/-/vue-3.4.26.tgz#936c97e37672c737705d7bdfa62c31af18742269"
  integrity sha512-bUIq/p+VB+0xrJubaemrfhk1/FiW9iX+pDV+62I/XJ6EkspAO9/DXEjbDFoe8pIfOZBqfk45i9BMc41ptP/uRg==
  dependencies:
    "@vue/compiler-dom" "3.4.26"
    "@vue/compiler-sfc" "3.4.26"
    "@vue/runtime-dom" "3.4.26"
    "@vue/server-renderer" "3.4.26"
    "@vue/shared" "3.4.26"
